
Microsoft Visual Studio Solution File, Format Version 12.00
# Visual Studio Version 17
VisualStudioVersion = 17.14.36518.9 d17.14
MinimumVisualStudioVersion = 10.0.40219.1
Project("{FAE04EC0-301F-11D3-BF4B-00C04F79EFBC}") = "PRACTICA_3_YEISON_BERIGUETE", "PRACTICA 3 YEISON BERIGUETE\PRACTICA_3_YEISON_BERIGUETE.csproj", "{38EF11B2-8D4E-402A-A589-C59643D5C7B6}"
EndProject
Global
	GlobalSection(SolutionConfigurationPlatforms) = preSolution
		Debug|Any CPU = Debug|Any CPU
		Release|Any CPU = Release|Any CPU
	EndGlobalSection
	GlobalSection(ProjectConfigurationPlatforms) = postSolution
		{38EF11B2-8D4E-402A-A589-C59643D5C7B6}.Debug|Any CPU.ActiveCfg = Debug|Any CPU
		{38EF11B2-8D4E-402A-A589-C59643D5C7B6}.Debug|Any CPU.Build.0 = Debug|Any CPU
		{38EF11B2-8D4E-402A-A589-C59643D5C7B6}.Release|Any CPU.ActiveCfg = Release|Any CPU
		{38EF11B2-8D4E-402A-A589-C59643D5C7B6}.Release|Any CPU.Build.0 = Release|Any CPU
	EndGlobalSection
	GlobalSection(SolutionProperties) = preSolution
		HideSolutionNode = FALSE
	EndGlobalSection
	GlobalSection(ExtensibilityGlobals) = postSolution
		SolutionGuid = {4613C15D-1186-4F57-B46B-FA0AD3ABCEE6}
	EndGlobalSection
EndGlobal
